
Microsoft Visual Studio Solution File, Format Version 12.00
# Visual Studio Version 17
VisualStudioVersion = 17.9.34616.47
MinimumVisualStudioVersion = 10.0.40219.1
Project("{FAE04EC0-301F-11D3-BF4B-00C04F79EFBC}") = "tpmodul4_1302220141", "tpmodul4_1302220141\tpmodul4_1302220141.csproj", "{FE63A056-8C11-4586-BDA0-4D0143710A37}"
EndProject
Global
	GlobalSection(SolutionConfigurationPlatforms) = preSolution
		Debug|Any CPU = Debug|Any CPU
		Release|Any CPU = Release|Any CPU
	EndGlobalSection
	GlobalSection(ProjectConfigurationPlatforms) = postSolution
		{FE63A056-8C11-4586-BDA0-4D0143710A37}.Debug|Any CPU.ActiveCfg = Debug|Any CPU
		{FE63A056-8C11-4586-BDA0-4D0143710A37}.Debug|Any CPU.Build.0 = Debug|Any CPU
		{FE63A056-8C11-4586-BDA0-4D0143710A37}.Release|Any CPU.ActiveCfg = Release|Any CPU
		{FE63A056-8C11-4586-BDA0-4D0143710A37}.Release|Any CPU.Build.0 = Release|Any CPU
	EndGlobalSection
	GlobalSection(SolutionProperties) = preSolution
		HideSolutionNode = FALSE
	EndGlobalSection
	GlobalSection(ExtensibilityGlobals) = postSolution
		SolutionGuid = {B4C6EB32-24E1-4AB6-B046-4DE34B7AA26A}
	EndGlobalSection
EndGlobal
